
Microsoft Visual Studio Solution File, Format Version 12.00
# Visual Studio Version 17
VisualStudioVersion = 17.13.35825.156
MinimumVisualStudioVersion = 10.0.40219.1
Project("{FAE04EC0-301F-11D3-BF4B-00C04F79EFBC}") = "SPLoggerLib", "SPLoggerLib\SPLoggerLib.csproj", "{BD4B9398-113D-4D43-A865-D84B816C2303}"
EndProject
Project("{FAE04EC0-301F-11D3-BF4B-00C04F79EFBC}") = "SPLoggerLibTests", "..\TestCefSharp\SPLoggerLibTests\SPLoggerLibTests.csproj", "{F1FD3097-FB4A-FD4A-09CF-35E9C5DED73F}"
EndProject
Project("{FAE04EC0-301F-11D3-BF4B-00C04F79EFBC}") = "SPCEFSharpLib", "SPCEFSharpLib\SPCEFSharpLib.csproj", "{2182E329-9DC1-4028-B0F4-BD04A38A406C}"
EndProject
Project("{FAE04EC0-301F-11D3-BF4B-00C04F79EFBC}") = "SPCefSharp", "SPCefSharp\SPCefSharp.csproj", "{761751E8-8326-48AF-A9DA-1E64861817CD}"
EndProject
Global
	GlobalSection(SolutionConfigurationPlatforms) = preSolution
		Debug|x64 = Debug|x64
		Release|x64 = Release|x64
	EndGlobalSection
	GlobalSection(ProjectConfigurationPlatforms) = postSolution
		{BD4B9398-113D-4D43-A865-D84B816C2303}.Debug|x64.ActiveCfg = Debug|x64
		{BD4B9398-113D-4D43-A865-D84B816C2303}.Debug|x64.Build.0 = Debug|x64
		{BD4B9398-113D-4D43-A865-D84B816C2303}.Release|x64.ActiveCfg = Release|x64
		{BD4B9398-113D-4D43-A865-D84B816C2303}.Release|x64.Build.0 = Release|x64
		{F1FD3097-FB4A-FD4A-09CF-35E9C5DED73F}.Debug|x64.ActiveCfg = Debug|x64
		{F1FD3097-FB4A-FD4A-09CF-35E9C5DED73F}.Debug|x64.Build.0 = Debug|x64
		{F1FD3097-FB4A-FD4A-09CF-35E9C5DED73F}.Release|x64.ActiveCfg = Release|x64
		{F1FD3097-FB4A-FD4A-09CF-35E9C5DED73F}.Release|x64.Build.0 = Release|x64
		{2182E329-9DC1-4028-B0F4-BD04A38A406C}.Debug|x64.ActiveCfg = Debug|x64
		{2182E329-9DC1-4028-B0F4-BD04A38A406C}.Debug|x64.Build.0 = Debug|x64
		{2182E329-9DC1-4028-B0F4-BD04A38A406C}.Release|x64.ActiveCfg = Release|x64
		{2182E329-9DC1-4028-B0F4-BD04A38A406C}.Release|x64.Build.0 = Release|x64
		{761751E8-8326-48AF-A9DA-1E64861817CD}.Debug|x64.ActiveCfg = Debug|x64
		{761751E8-8326-48AF-A9DA-1E64861817CD}.Debug|x64.Build.0 = Debug|x64
		{761751E8-8326-48AF-A9DA-1E64861817CD}.Release|x64.ActiveCfg = Release|x64
		{761751E8-8326-48AF-A9DA-1E64861817CD}.Release|x64.Build.0 = Release|x64
	EndGlobalSection
	GlobalSection(SolutionProperties) = preSolution
		HideSolutionNode = FALSE
	EndGlobalSection
	GlobalSection(ExtensibilityGlobals) = postSolution
		SolutionGuid = {EE0CDE0A-B27C-48DB-A3B7-E6105563F170}
	EndGlobalSection
EndGlobal
